
Microsoft Visual Studio Solution File, Format Version 12.00
# Visual Studio Version 17
VisualStudioVersion = 17.1.32319.34
MinimumVisualStudioVersion = 10.0.40219.1
Project("{FAE04EC0-301F-11D3-BF4B-00C04F79EFBC}") = "class06", "class06\class06.csproj", "{D75D0ECF-CBD5-4E7B-8EB4-2ABAB40CD64C}"
EndProject
Global
	GlobalSection(SolutionConfigurationPlatforms) = preSolution
		Debug|Any CPU = Debug|Any CPU
		Release|Any CPU = Release|Any CPU
	EndGlobalSection
	GlobalSection(ProjectConfigurationPlatforms) = postSolution
		{D75D0ECF-CBD5-4E7B-8EB4-2ABAB40CD64C}.Debug|Any CPU.ActiveCfg = Debug|Any CPU
		{D75D0ECF-CBD5-4E7B-8EB4-2ABAB40CD64C}.Debug|Any CPU.Build.0 = Debug|Any CPU
		{D75D0ECF-CBD5-4E7B-8EB4-2ABAB40CD64C}.Release|Any CPU.ActiveCfg = Release|Any CPU
		{D75D0ECF-CBD5-4E7B-8EB4-2ABAB40CD64C}.Release|Any CPU.Build.0 = Release|Any CPU
	EndGlobalSection
	GlobalSection(SolutionProperties) = preSolution
		HideSolutionNode = FALSE
	EndGlobalSection
	GlobalSection(ExtensibilityGlobals) = postSolution
		SolutionGuid = {F7AF6D15-48E1-47FF-AF3D-65DBDC540CD8}
	EndGlobalSection
EndGlobal
